
Microsoft Visual Studio Solution File, Format Version 12.00
# Visual Studio Version 16
VisualStudioVersion = 16.0.31729.503
MinimumVisualStudioVersion = 10.0.40219.1
Project("{FAE04EC0-301F-11D3-BF4B-00C04F79EFBC}") = "WebApplication1", "WebApplication1.csproj", "{1EDABBB7-F8E1-4C21-8A35-5BAB2ACB3C1E}"
EndProject
Global
	GlobalSection(SolutionConfigurationPlatforms) = preSolution
		Debug|Any CPU = Debug|Any CPU
		Release|Any CPU = Release|Any CPU
	EndGlobalSection
	GlobalSection(ProjectConfigurationPlatforms) = postSolution
		{1EDABBB7-F8E1-4C21-8A35-5BAB2ACB3C1E}.Debug|Any CPU.ActiveCfg = Debug|Any CPU
		{1EDABBB7-F8E1-4C21-8A35-5BAB2ACB3C1E}.Debug|Any CPU.Build.0 = Debug|Any CPU
		{1EDABBB7-F8E1-4C21-8A35-5BAB2ACB3C1E}.Release|Any CPU.ActiveCfg = Release|Any CPU
		{1EDABBB7-F8E1-4C21-8A35-5BAB2ACB3C1E}.Release|Any CPU.Build.0 = Release|Any CPU
	EndGlobalSection
	GlobalSection(SolutionProperties) = preSolution
		HideSolutionNode = FALSE
	EndGlobalSection
	GlobalSection(ExtensibilityGlobals) = postSolution
		SolutionGuid = {B966CF72-CF2C-4205-A845-97D2B961C54C}
	EndGlobalSection
EndGlobal
